
Microsoft Visual Studio Solution File, Format Version 12.00
# Visual Studio Version 16
VisualStudioVersion = 16.0.30611.23
MinimumVisualStudioVersion = 10.0.40219.1
Project("{FAE04EC0-301F-11D3-BF4B-00C04F79EFBC}") = "testGithub02", "testGithub02.csproj", "{8AAA0238-0485-4C94-BFA5-191809A91194}"
EndProject
Global
	GlobalSection(SolutionConfigurationPlatforms) = preSolution
		Debug|Any CPU = Debug|Any CPU
		Release|Any CPU = Release|Any CPU
	EndGlobalSection
	GlobalSection(ProjectConfigurationPlatforms) = postSolution
		{8AAA0238-0485-4C94-BFA5-191809A91194}.Debug|Any CPU.ActiveCfg = Debug|Any CPU
		{8AAA0238-0485-4C94-BFA5-191809A91194}.Debug|Any CPU.Build.0 = Debug|Any CPU
		{8AAA0238-0485-4C94-BFA5-191809A91194}.Release|Any CPU.ActiveCfg = Release|Any CPU
		{8AAA0238-0485-4C94-BFA5-191809A91194}.Release|Any CPU.Build.0 = Release|Any CPU
	EndGlobalSection
	GlobalSection(SolutionProperties) = preSolution
		HideSolutionNode = FALSE
	EndGlobalSection
	GlobalSection(ExtensibilityGlobals) = postSolution
		SolutionGuid = {0B43DB18-A660-47EE-A7F6-7227A17A57E4}
	EndGlobalSection
EndGlobal
